
Microsoft Visual Studio Solution File, Format Version 12.00
# Visual Studio Version 16
VisualStudioVersion = 16.0.29102.190
MinimumVisualStudioVersion = 10.0.40219.1
Project("{FAE04EC0-301F-11D3-BF4B-00C04F79EFBC}") = "HashMapImplementation", "HashMapImplementation\HashMapImplementation.csproj", "{E851AB1D-F8B6-4A79-8BF0-F6459845E56F}"
EndProject
Project("{FAE04EC0-301F-11D3-BF4B-00C04F79EFBC}") = "HashMap.Tests", "HashMap.Tests\HashMap.Tests.csproj", "{6E07A8D3-B1F7-4F88-A2A0-6B12961D44AB}"
	ProjectSection(ProjectDependencies) = postProject
		{E851AB1D-F8B6-4A79-8BF0-F6459845E56F} = {E851AB1D-F8B6-4A79-8BF0-F6459845E56F}
	EndProjectSection
EndProject
Global
	GlobalSection(SolutionConfigurationPlatforms) = preSolution
		Debug|Any CPU = Debug|Any CPU
		Release|Any CPU = Release|Any CPU
	EndGlobalSection
	GlobalSection(ProjectConfigurationPlatforms) = postSolution
		{E851AB1D-F8B6-4A79-8BF0-F6459845E56F}.Debug|Any CPU.ActiveCfg = Debug|Any CPU
		{E851AB1D-F8B6-4A79-8BF0-F6459845E56F}.Debug|Any CPU.Build.0 = Debug|Any CPU
		{E851AB1D-F8B6-4A79-8BF0-F6459845E56F}.Release|Any CPU.ActiveCfg = Release|Any CPU
		{E851AB1D-F8B6-4A79-8BF0-F6459845E56F}.Release|Any CPU.Build.0 = Release|Any CPU
		{6E07A8D3-B1F7-4F88-A2A0-6B12961D44AB}.Debug|Any CPU.ActiveCfg = Debug|Any CPU
		{6E07A8D3-B1F7-4F88-A2A0-6B12961D44AB}.Debug|Any CPU.Build.0 = Debug|Any CPU
		{6E07A8D3-B1F7-4F88-A2A0-6B12961D44AB}.Release|Any CPU.ActiveCfg = Release|Any CPU
		{6E07A8D3-B1F7-4F88-A2A0-6B12961D44AB}.Release|Any CPU.Build.0 = Release|Any CPU
	EndGlobalSection
	GlobalSection(SolutionProperties) = preSolution
		HideSolutionNode = FALSE
	EndGlobalSection
	GlobalSection(ExtensibilityGlobals) = postSolution
		SolutionGuid = {506A3629-262B-42A0-ADF2-9DAF26DB4ADE}
	EndGlobalSection
EndGlobal
